freezeId: event-ticketing-contracts-v1.0.0
catalogVersion: 1.0.0
baselineType: clean-slate
status: frozen
manifestPath: contracts/manifest.yaml
manifestSha256: f93f3c05837b542d028cc9b672c00f41cc1a9915ab32156e735dae4175abc746
catalogSha256: 6fea9810b380cd94a00fa2a5b611e70c01d8db1c41b6ca886b303a9395d408a6
contracts:
- contractId: common.error-response
  canonicalPath: common/error-response.schema.json
  sha256: 99920fe1e4ffad981dcc24dad6773ce6ac063b1d48c998dbb6a7d1143ca97ceb
- contractId: common.event-envelope
  canonicalPath: common/event-envelope.schema.json
  sha256: dee6edf6f204cdb5e8d06427b3947ccc83f51518c97b88bf70158fd2d4cb81b2
- contractId: common.money
  canonicalPath: common/money.schema.json
  sha256: 9fc6f63f242e00bb6678d50a17be94e05fffb447cd1b68bd90c14a052ef223b6
- contractId: common.openapi-security
  canonicalPath: common/openapi-security.yaml
  sha256: 04d2873974ebe61d8f6ade4ddbf014c7b945d7296fe823bd3bdf3bbea6dec0df
- contractId: common.pagination
  canonicalPath: common/pagination.schema.json
  sha256: e958590153af045149aa1d17b099de9bce9cdb8c0be3f82d4fb5402422f2aeb5
- contractId: events.booking.cancelled
  canonicalPath: events/booking/cancelled.schema.json
  sha256: 2b21bca8c88afa8322942da1c523cf256865623e23e62364831b7e02e81a8d03
- contractId: events.booking.confirmed
  canonicalPath: events/booking/confirmed.schema.json
  sha256: 35b8f1f6a6c09217503ce4a2651f14ef3a05897013040d8de0db20c53309ce22
- contractId: events.booking.created
  canonicalPath: events/booking/created.schema.json
  sha256: a1a56f3dd369c92fb55979a5f61746b60cb42403611bfe03d42daaf85fe6b0d0
- contractId: events.booking.failed
  canonicalPath: events/booking/failed.schema.json
  sha256: b250692a9910a964b5089e5de5f22d677ac7fb4941c2fe880ca7e77374219e61
- contractId: events.payment.authorized
  canonicalPath: events/payment/authorized.schema.json
  sha256: a40fd670b6297173ad70e38ede94e6b935ac5c38370bc9e94866d1308cc627d6
- contractId: events.payment.cancelled
  canonicalPath: events/payment/cancelled.schema.json
  sha256: 5a1fe3cb808240e944668f1e2863fb241817486184f8fa2c7f23b9450bee95ae
- contractId: events.payment.created
  canonicalPath: events/payment/created.schema.json
  sha256: 6e49aa266531e7172f6cc5618dd66d3866143af8bd69477c658c8130c8983722
- contractId: events.payment.failed
  canonicalPath: events/payment/failed.schema.json
  sha256: c9cf683c21a420147db6c386e77dca3a70a9ec779944f1eb5b658024a5fdb0e9
- contractId: events.payment.refunded
  canonicalPath: events/payment/refunded.schema.json
  sha256: 6a17e92f30ab6d162735c644532be5ec93d3005150ac2c5cf09b044af5583930
- contractId: events.payment.succeeded
  canonicalPath: events/payment/succeeded.schema.json
  sha256: 80eba1a416ceb1aeaf7c2454495ced48e25df714225beac1738ae28724ffa72a
- contractId: events.ticket.cancelled
  canonicalPath: events/ticket/cancelled.schema.json
  sha256: 5736fc0365b64b666ecf7489129acba2d8d5ca1a251e37b2da9fddd8da68a843
- contractId: events.ticket.checked-in
  canonicalPath: events/ticket/checked-in.schema.json
  sha256: 051934ef507e7362827c3cb92234c00bf3fa49e0f4fa72425f06ae9a93c664bc
- contractId: events.ticket.issued
  canonicalPath: events/ticket/issued.schema.json
  sha256: c32b8d67a6cbdedfa901bd9fcfef0e475b45b7a8c95f84e5fe76b4f33daf89de
- contractId: events.ticket.qr-regenerated
  canonicalPath: events/ticket/qr-regenerated.schema.json
  sha256: fff314305fe06e78e65fc4cb2d3b225bac1b6ba5d37bafbadf89956d134322c9
- contractId: openapi.booking-service
  canonicalPath: openapi/booking-service.yaml
  sha256: c7692472fe9cb89f9260983dd9e0931772ca9cf7b65a16f8de6015e017c87f3d
- contractId: openapi.customer-service
  canonicalPath: openapi/customer-service.yaml
  sha256: 00da24fdb7a30e0bf22961f77ea994e289f3a8ae0300e5440dfcc418279aec17
- contractId: openapi.esb-public-api
  canonicalPath: openapi/esb-public-api.yaml
  sha256: 882021887229c2a48bf276406bdb0679e272eac79b8b1365718b590000f6662d
- contractId: openapi.event-service
  canonicalPath: openapi/event-service.yaml
  sha256: a504e07f22e111ed34e9c163c6d86f76dd7dcda4c88b5a65d2cd9010af2d8d2c
- contractId: openapi.identity-service
  canonicalPath: openapi/identity-service.yaml
  sha256: 7efae868a722e4ac8f539d3ee7b022a8cf29fae18e0648ea99478dd384484b72
- contractId: openapi.notification-service
  canonicalPath: openapi/notification-service.yaml
  sha256: df3139735de48e66baa0901f5016ec1ec35f667959c563b5cc60cb2ba61bc933
- contractId: openapi.payment-service
  canonicalPath: openapi/payment-service.yaml
  sha256: 620045ba7d14c60a902d0862682caeae45b22c97d48fb13ec5af0d44d425aa74
- contractId: openapi.realtime-service
  canonicalPath: openapi/realtime-service.yaml
  sha256: 186691c508be12ec0d8abe5fb1b0b61d1aba696f0cc1f7b7c0b4b279710ab9c5
- contractId: openapi.ticket-service
  canonicalPath: openapi/ticket-service.yaml
  sha256: 0928610a48663a8e903eb966cf8d9583f61092223aaa7776631ca31261fbd18c
- contractId: soap.seat-inventory.wsdl
  canonicalPath: soap/seat-inventory.wsdl
  sha256: dc2e793fa1e435a643bc258476dd9d5cfb08bb99a2079fcd7e74a8ebe456c73d
- contractId: soap.seat-inventory.xsd
  canonicalPath: soap/seat-inventory.xsd
  sha256: 8f5407cab7448e8e8c872e923f7fff6e510435b0d4351e28c9dba073657f3f42
- contractId: webhooks.notification.notification-webhook
  canonicalPath: webhooks/notification/notification-webhook.schema.json
  sha256: 6c3f469a4b98792cf2180309606345e9d67299dadec93ae44c4c823eee30808b
- contractId: websocket.realtime-status.client-message
  canonicalPath: websocket/realtime-status/client-message.schema.json
  sha256: 25f5672231c204009a1f2a9c89d51a4ba729453bdafde01499218ad2c7b88b63
- contractId: websocket.realtime-status.close-codes
  canonicalPath: websocket/realtime-status/close-codes.yaml
  sha256: c513050f6f51e6b3e738c984277f255702482ad3a3debb99b700a7fabe0ef2ab
- contractId: websocket.realtime-status.protocol
  canonicalPath: websocket/realtime-status/protocol.md
  sha256: 2f0c5560a709fc14febdd5faa5adfcceb21e2603fa2763aca791d6ea87b8a677
- contractId: websocket.realtime-status.server-control-message
  canonicalPath: websocket/realtime-status/server-control-message.schema.json
  sha256: 476628393c8c2010cfe8ba15643cd1d506024cfe61b60b6cac649a67ee8902dd
- contractId: websocket.realtime-status.status-message
  canonicalPath: websocket/realtime-status/status-message.schema.json
  sha256: 043c7088769bac399217a27f09a6ff1eac4a9d4aef28f8036ce0f2b9ff0ea528
